
Microsoft Visual Studio Solution File, Format Version 12.00
# Visual Studio 14
VisualStudioVersion = 14.0.25420.1
MinimumVisualStudioVersion = 10.0.40219.1
Project("{FAE04EC0-301F-11D3-BF4B-00C04F79EFBC}") = "Inspector", "AUTO INSPECTION\Inspector.csproj", "{3FEEC2FC-6C31-45A2-BE91-1839C12975CD}"
EndProject
Project("{FAE04EC0-301F-11D3-BF4B-00C04F79EFBC}") = "W_X16Y16.cs", "W_X16Y16\W_X16Y16.cs.csproj", "{1E67D4D3-72BA-4D20-9665-50113B028EDA}"
EndProject
Global
	GlobalSection(SolutionConfigurationPlatforms) = preSolution
		Debug|Any CPU = Debug|Any CPU
		Debug|x86 = Debug|x86
		Release|Any CPU = Release|Any CPU
		Release|x86 = Release|x86
	EndGlobalSection
	GlobalSection(ProjectConfigurationPlatforms) = postSolution
		{3FEEC2FC-6C31-45A2-BE91-1839C12975CD}.Debug|Any CPU.ActiveCfg = Debug|Any CPU
		{3FEEC2FC-6C31-45A2-BE91-1839C12975CD}.Debug|Any CPU.Build.0 = Debug|Any CPU
		{3FEEC2FC-6C31-45A2-BE91-1839C12975CD}.Debug|x86.ActiveCfg = Debug|x86
		{3FEEC2FC-6C31-45A2-BE91-1839C12975CD}.Debug|x86.Build.0 = Debug|x86
		{3FEEC2FC-6C31-45A2-BE91-1839C12975CD}.Release|Any CPU.ActiveCfg = Release|Any CPU
		{3FEEC2FC-6C31-45A2-BE91-1839C12975CD}.Release|Any CPU.Build.0 = Release|Any CPU
		{3FEEC2FC-6C31-45A2-BE91-1839C12975CD}.Release|x86.ActiveCfg = Release|x86
		{3FEEC2FC-6C31-45A2-BE91-1839C12975CD}.Release|x86.Build.0 = Release|x86
		{1E67D4D3-72BA-4D20-9665-50113B028EDA}.Debug|Any CPU.ActiveCfg = Debug|Any CPU
		{1E67D4D3-72BA-4D20-9665-50113B028EDA}.Debug|Any CPU.Build.0 = Debug|Any CPU
		{1E67D4D3-72BA-4D20-9665-50113B028EDA}.Debug|x86.ActiveCfg = Debug|Any CPU
		{1E67D4D3-72BA-4D20-9665-50113B028EDA}.Release|Any CPU.ActiveCfg = Release|Any CPU
		{1E67D4D3-72BA-4D20-9665-50113B028EDA}.Release|Any CPU.Build.0 = Release|Any CPU
		{1E67D4D3-72BA-4D20-9665-50113B028EDA}.Release|x86.ActiveCfg = Release|Any CPU
	EndGlobalSection
	GlobalSection(SolutionProperties) = preSolution
		HideSolutionNode = FALSE
	EndGlobalSection
EndGlobal
