<?xml version="1.0" encoding="utf-8"?>
<Project ToolsVersion="4.0" xmlns="http://schemas.microsoft.com/developer/msbuild/2003">
  <ItemGroup>
    <Filter Include="Source Files">
      <UniqueIdentifier>{3b4121eb-0042-4968-b8ce-a7e183942edb}</UniqueIdentifier>
      <Extensions>cpp;c;cxx;rc;def;r;odl;idl;hpj;bat</Extensions>
    </Filter>
    <Filter Include="Header Files">
      <UniqueIdentifier>{e6830e50-94f2-412f-9fb3-5605c5c23a99}</UniqueIdentifier>
      <Extensions>h;hpp;hxx;hm;inl</Extensions>
    </Filter>
    <Filter Include="Resource Files">
      <UniqueIdentifier>{7231d6da-cc93-4c88-95bf-8e726630a5bb}</UniqueIdentifier>
      <Extensions>ico;cur;bmp;dlg;rc2;rct;bin;rgs;gif;jpg;jpeg;jpe</Extensions>
    </Filter>
  </ItemGroup>
  <ItemGroup>
    <CustomBuild Include="res\AceMP.rc2">
      <Filter>Resource Files</Filter>
    </CustomBuild>
  </ItemGroup>
  <ItemGroup>
    <ClInclude Include="Include\AxAxis.h">
      <Filter>Header Files</Filter>
    </ClInclude>
    <ClInclude Include="Include\AxControl.h">
      <Filter>Header Files</Filter>
    </ClInclude>
    <ClInclude Include="Include\AxController.h">
      <Filter>Header Files</Filter>
    </ClInclude>
    <ClInclude Include="Include\AxControlPanel.h">
      <Filter>Header Files</Filter>
    </ClInclude>
    <ClInclude Include="Include\AxConvertVariable.h">
      <Filter>Header Files</Filter>
    </ClInclude>
    <ClInclude Include="Include\AxDefine.h">
      <Filter>Header Files</Filter>
    </ClInclude>
    <ClInclude Include="Include\AxDiData.h">
      <Filter>Header Files</Filter>
    </ClInclude>
    <ClInclude Include="Include\AxErrMsg.h">
      <Filter>Header Files</Filter>
    </ClInclude>
    <ClInclude Include="Include\AxErrorCtrl.h">
      <Filter>Header Files</Filter>
    </ClInclude>
    <ClInclude Include="Include\AxErrorMgr.h">
      <Filter>Header Files</Filter>
    </ClInclude>
    <ClInclude Include="Include\AxErrStr.h">
      <Filter>Header Files</Filter>
    </ClInclude>
    <ClInclude Include="Include\AxEvent.h">
      <Filter>Header Files</Filter>
    </ClInclude>
    <ClInclude Include="Include\AxEventMgr.h">
      <Filter>Header Files</Filter>
    </ClInclude>
    <ClInclude Include="Include\AxFile.h">
      <Filter>Header Files</Filter>
    </ClInclude>
    <ClInclude Include="Include\AxHilscherScanner.h">
      <Filter>Header Files</Filter>
    </ClInclude>
    <ClInclude Include="Include\AxIni.h">
      <Filter>Header Files</Filter>
    </ClInclude>
    <ClInclude Include="Include\AxInput.h">
      <Filter>Header Files</Filter>
    </ClInclude>
    <ClInclude Include="Include\AxIOCtrl.h">
      <Filter>Header Files</Filter>
    </ClInclude>
    <ClInclude Include="Include\AxIOMgr.h">
      <Filter>Header Files</Filter>
    </ClInclude>
    <ClInclude Include="Include\AxIOScanner.h">
      <Filter>Header Files</Filter>
    </ClInclude>
    <ClInclude Include="Include\AxLoc.h">
      <Filter>Header Files</Filter>
    </ClInclude>
    <ClInclude Include="Include\AxMaster.h">
      <Filter>Header Files</Filter>
    </ClInclude>
    <ClInclude Include="Include\AxMmcCmd.h">
      <Filter>Header Files</Filter>
    </ClInclude>
    <ClInclude Include="Include\AxMmcMgr.h">
      <Filter>Header Files</Filter>
    </ClInclude>
    <ClInclude Include="Include\AxNetData.h">
      <Filter>Header Files</Filter>
    </ClInclude>
    <ClInclude Include="Include\AxNetDriver.h">
      <Filter>Header Files</Filter>
    </ClInclude>
    <ClInclude Include="Include\AxNetEipDrv.h">
      <Filter>Header Files</Filter>
    </ClInclude>
    <ClInclude Include="Include\AxNetMelsecDrv.h">
      <Filter>Header Files</Filter>
    </ClInclude>
    <ClInclude Include="Include\AxNetMgr.h">
      <Filter>Header Files</Filter>
    </ClInclude>
    <ClInclude Include="Include\AxObject.h">
      <Filter>Header Files</Filter>
    </ClInclude>
    <ClInclude Include="Include\AxOutput.h">
      <Filter>Header Files</Filter>
    </ClInclude>
    <ClInclude Include="Include\AxProfile.h">
      <Filter>Header Files</Filter>
    </ClInclude>
    <ClInclude Include="Include\AxRecipe.h">
      <Filter>Header Files</Filter>
    </ClInclude>
    <ClInclude Include="Include\AxRobot.h">
      <Filter>Header Files</Filter>
    </ClInclude>
    <ClInclude Include="Include\AxRobotCtrl.h">
      <Filter>Header Files</Filter>
    </ClInclude>
    <ClInclude Include="Include\AxRobotLoc.h">
      <Filter>Header Files</Filter>
    </ClInclude>
    <ClInclude Include="Include\AxSafety.h">
      <Filter>Header Files</Filter>
    </ClInclude>
    <ClInclude Include="Include\AxService.h">
      <Filter>Header Files</Filter>
    </ClInclude>
    <ClInclude Include="Include\AxServiceHub.h">
      <Filter>Header Files</Filter>
    </ClInclude>
    <ClInclude Include="Include\AxSimMmcWfp.h">
      <Filter>Header Files</Filter>
    </ClInclude>
    <ClInclude Include="Include\AxStation.h">
      <Filter>Header Files</Filter>
    </ClInclude>
    <ClInclude Include="Include\AxStationHub.h">
      <Filter>Header Files</Filter>
    </ClInclude>
    <ClInclude Include="Include\AxSystem.h">
      <Filter>Header Files</Filter>
    </ClInclude>
    <ClInclude Include="Include\AxSystemError.h">
      <Filter>Header Files</Filter>
    </ClInclude>
    <ClInclude Include="Include\AxSystemHub.h">
      <Filter>Header Files</Filter>
    </ClInclude>
    <ClInclude Include="Include\AxTask.h">
      <Filter>Header Files</Filter>
    </ClInclude>
    <ClInclude Include="Include\AxThread.h">
      <Filter>Header Files</Filter>
    </ClInclude>
    <ClInclude Include="Include\AxTimer.h">
      <Filter>Header Files</Filter>
    </ClInclude>
    <ClInclude Include="Include\AxTower.h">
      <Filter>Header Files</Filter>
    </ClInclude>
    <ClInclude Include="Include\AxTrace.h">
      <Filter>Header Files</Filter>
    </ClInclude>
    <ClInclude Include="Include\AxWaitTimer.h">
      <Filter>Header Files</Filter>
    </ClInclude>
    <ClInclude Include="Include\CIFUSER.h">
      <Filter>Header Files</Filter>
    </ClInclude>
    <ClInclude Include="Include\EipFunc.h">
      <Filter>Header Files</Filter>
    </ClInclude>
    <ClInclude Include="Include\Mdfunc.h">
      <Filter>Header Files</Filter>
    </ClInclude>
    <ClInclude Include="Include\MMCWHP154.h">
      <Filter>Header Files</Filter>
    </ClInclude>
    <ClInclude Include="Include\WTypes.h">
      <Filter>Header Files</Filter>
    </ClInclude>
    <ClInclude Include="AceMP.h">
      <Filter>Header Files</Filter>
    </ClInclude>
    <ClInclude Include="resource.h">
      <Filter>Header Files</Filter>
    </ClInclude>
    <ClInclude Include="StdAfx.h">
      <Filter>Header Files</Filter>
    </ClInclude>
  </ItemGroup>
  <ItemGroup>
    <ClCompile Include="Source\AxAxis.cpp">
      <Filter>Source Files</Filter>
    </ClCompile>
    <ClCompile Include="Source\AxControl.cpp">
      <Filter>Source Files</Filter>
    </ClCompile>
    <ClCompile Include="Source\AxController.cpp">
      <Filter>Source Files</Filter>
    </ClCompile>
    <ClCompile Include="Source\AxControlPanel.cpp">
      <Filter>Source Files</Filter>
    </ClCompile>
    <ClCompile Include="Source\AxConvertVariable.cpp">
      <Filter>Source Files</Filter>
    </ClCompile>
    <ClCompile Include="Source\AxDiData.cpp">
      <Filter>Source Files</Filter>
    </ClCompile>
    <ClCompile Include="Source\AxErrMsg.cpp">
      <Filter>Source Files</Filter>
    </ClCompile>
    <ClCompile Include="Source\AxErrorCtrl.cpp">
      <Filter>Source Files</Filter>
    </ClCompile>
    <ClCompile Include="Source\AxErrorMgr.cpp">
      <Filter>Source Files</Filter>
    </ClCompile>
    <ClCompile Include="Source\AxErrStr.cpp">
      <Filter>Source Files</Filter>
    </ClCompile>
    <ClCompile Include="Source\AxEvent.cpp">
      <Filter>Source Files</Filter>
    </ClCompile>
    <ClCompile Include="Source\AxEventMgr.cpp">
      <Filter>Source Files</Filter>
    </ClCompile>
    <ClCompile Include="Source\AxFile.cpp">
      <Filter>Source Files</Filter>
    </ClCompile>
    <ClCompile Include="Source\AxHilscherScanner.cpp">
      <Filter>Source Files</Filter>
    </ClCompile>
    <ClCompile Include="Source\AxIni.cpp">
      <Filter>Source Files</Filter>
    </ClCompile>
    <ClCompile Include="Source\AxInput.cpp">
      <Filter>Source Files</Filter>
    </ClCompile>
    <ClCompile Include="Source\AxIOCtrl.cpp">
      <Filter>Source Files</Filter>
    </ClCompile>
    <ClCompile Include="Source\AxIOMgr.cpp">
      <Filter>Source Files</Filter>
    </ClCompile>
    <ClCompile Include="Source\AxIOScanner.cpp">
      <Filter>Source Files</Filter>
    </ClCompile>
    <ClCompile Include="Source\AxLoc.cpp">
      <Filter>Source Files</Filter>
    </ClCompile>
    <ClCompile Include="Source\AxMaster.cpp">
      <Filter>Source Files</Filter>
    </ClCompile>
    <ClCompile Include="Source\AxMmcCmd.cpp">
      <Filter>Source Files</Filter>
    </ClCompile>
    <ClCompile Include="Source\AxMmcMgr.cpp">
      <Filter>Source Files</Filter>
    </ClCompile>
    <ClCompile Include="Source\AxNetData.cpp">
      <Filter>Source Files</Filter>
    </ClCompile>
    <ClCompile Include="Source\AxNetDriver.cpp">
      <Filter>Source Files</Filter>
    </ClCompile>
    <ClCompile Include="Source\AxNetEipDrv.cpp">
      <Filter>Source Files</Filter>
    </ClCompile>
    <ClCompile Include="Source\AxNetMelsecDrv.cpp">
      <Filter>Source Files</Filter>
    </ClCompile>
    <ClCompile Include="Source\AxNetMgr.cpp">
      <Filter>Source Files</Filter>
    </ClCompile>
    <ClCompile Include="Source\AxObject.cpp">
      <Filter>Source Files</Filter>
    </ClCompile>
    <ClCompile Include="Source\AxOutput.cpp">
      <Filter>Source Files</Filter>
    </ClCompile>
    <ClCompile Include="Source\AxProfile.cpp">
      <Filter>Source Files</Filter>
    </ClCompile>
    <ClCompile Include="Source\AxRecipe.cpp">
      <Filter>Source Files</Filter>
    </ClCompile>
    <ClCompile Include="Source\AxRobot.cpp">
      <Filter>Source Files</Filter>
    </ClCompile>
    <ClCompile Include="Source\AxRobotCtrl.cpp">
      <Filter>Source Files</Filter>
    </ClCompile>
    <ClCompile Include="Source\AxRobotLoc.cpp">
      <Filter>Source Files</Filter>
    </ClCompile>
    <ClCompile Include="Source\AxSafety.cpp">
      <Filter>Source Files</Filter>
    </ClCompile>
    <ClCompile Include="Source\AxService.cpp">
      <Filter>Source Files</Filter>
    </ClCompile>
    <ClCompile Include="Source\AxServiceHub.cpp">
      <Filter>Source Files</Filter>
    </ClCompile>
    <ClCompile Include="Source\AxSimMmcWfp.cpp">
      <Filter>Source Files</Filter>
    </ClCompile>
    <ClCompile Include="Source\AxStation.cpp">
      <Filter>Source Files</Filter>
    </ClCompile>
    <ClCompile Include="Source\AxStationHub.cpp">
      <Filter>Source Files</Filter>
    </ClCompile>
    <ClCompile Include="Source\AxSystem.cpp">
      <Filter>Source Files</Filter>
    </ClCompile>
    <ClCompile Include="Source\AxSystemError.cpp">
      <Filter>Source Files</Filter>
    </ClCompile>
    <ClCompile Include="Source\AxSystemHub.cpp">
      <Filter>Source Files</Filter>
    </ClCompile>
    <ClCompile Include="Source\AxTask.cpp">
      <Filter>Source Files</Filter>
    </ClCompile>
    <ClCompile Include="Source\AxThread.cpp">
      <Filter>Source Files</Filter>
    </ClCompile>
    <ClCompile Include="Source\AxTimer.cpp">
      <Filter>Source Files</Filter>
    </ClCompile>
    <ClCompile Include="Source\AxTower.cpp">
      <Filter>Source Files</Filter>
    </ClCompile>
    <ClCompile Include="Source\AxTrace.cpp">
      <Filter>Source Files</Filter>
    </ClCompile>
    <ClCompile Include="Source\AxWaitTimer.cpp">
      <Filter>Source Files</Filter>
    </ClCompile>
    <ClCompile Include="AceMP.cpp">
      <Filter>Source Files</Filter>
    </ClCompile>
    <ClCompile Include="StdAfx.cpp">
      <Filter>Source Files</Filter>
    </ClCompile>
  </ItemGroup>
  <ItemGroup>
    <None Include="AceMP.def">
      <Filter>Source Files</Filter>
    </None>
  </ItemGroup>
  <ItemGroup>
    <ResourceCompile Include="AceMP.rc">
      <Filter>Source Files</Filter>
    </ResourceCompile>
  </ItemGroup>
</Project>