
Microsoft Visual Studio Solution File, Format Version 12.00
# Visual Studio 2013
VisualStudioVersion = 12.0.40629.0
MinimumVisualStudioVersion = 10.0.40219.1
Project("{FAE04EC0-301F-11D3-BF4B-00C04F79EFBC}") = "Auto Scanner IMEI", "Auto Scanner IMEI\Auto Scanner IMEI.csproj", "{C63CF431-EBBA-415F-BAE0-43E05AE443A3}"
EndProject
Project("{FAE04EC0-301F-11D3-BF4B-00C04F79EFBC}") = "Auto Attach", "Auto Attach\Auto Attach.csproj", "{63E6C5BE-301E-46F2-A7E8-848EA628B57B}"
EndProject
Project("{FAE04EC0-301F-11D3-BF4B-00C04F79EFBC}") = "SundaLabs", "SundaLabs\SundaLabs.csproj", "{1F12FC2C-974B-45D6-A667-9B5BC85F8EA6}"
EndProject
Global
	GlobalSection(SolutionConfigurationPlatforms) = preSolution
		Debug|Any CPU = Debug|Any CPU
		Debug|Mixed Platforms = Debug|Mixed Platforms
		Debug|x86 = Debug|x86
		Release|Any CPU = Release|Any CPU
		Release|Mixed Platforms = Release|Mixed Platforms
		Release|x86 = Release|x86
	EndGlobalSection
	GlobalSection(ProjectConfigurationPlatforms) = postSolution
		{C63CF431-EBBA-415F-BAE0-43E05AE443A3}.Debug|Any CPU.ActiveCfg = Debug|x86
		{C63CF431-EBBA-415F-BAE0-43E05AE443A3}.Debug|Mixed Platforms.ActiveCfg = Debug|x86
		{C63CF431-EBBA-415F-BAE0-43E05AE443A3}.Debug|Mixed Platforms.Build.0 = Debug|x86
		{C63CF431-EBBA-415F-BAE0-43E05AE443A3}.Debug|x86.ActiveCfg = Debug|x86
		{C63CF431-EBBA-415F-BAE0-43E05AE443A3}.Debug|x86.Build.0 = Debug|x86
		{C63CF431-EBBA-415F-BAE0-43E05AE443A3}.Release|Any CPU.ActiveCfg = Release|x86
		{C63CF431-EBBA-415F-BAE0-43E05AE443A3}.Release|Mixed Platforms.ActiveCfg = Release|x86
		{C63CF431-EBBA-415F-BAE0-43E05AE443A3}.Release|Mixed Platforms.Build.0 = Release|x86
		{C63CF431-EBBA-415F-BAE0-43E05AE443A3}.Release|x86.ActiveCfg = Release|x86
		{C63CF431-EBBA-415F-BAE0-43E05AE443A3}.Release|x86.Build.0 = Release|x86
		{63E6C5BE-301E-46F2-A7E8-848EA628B57B}.Debug|Any CPU.ActiveCfg = Debug|Any CPU
		{63E6C5BE-301E-46F2-A7E8-848EA628B57B}.Debug|Any CPU.Build.0 = Debug|Any CPU
		{63E6C5BE-301E-46F2-A7E8-848EA628B57B}.Debug|Mixed Platforms.ActiveCfg = Debug|Any CPU
		{63E6C5BE-301E-46F2-A7E8-848EA628B57B}.Debug|Mixed Platforms.Build.0 = Debug|Any CPU
		{63E6C5BE-301E-46F2-A7E8-848EA628B57B}.Debug|x86.ActiveCfg = Debug|Any CPU
		{63E6C5BE-301E-46F2-A7E8-848EA628B57B}.Release|Any CPU.ActiveCfg = Release|Any CPU
		{63E6C5BE-301E-46F2-A7E8-848EA628B57B}.Release|Any CPU.Build.0 = Release|Any CPU
		{63E6C5BE-301E-46F2-A7E8-848EA628B57B}.Release|Mixed Platforms.ActiveCfg = Release|Any CPU
		{63E6C5BE-301E-46F2-A7E8-848EA628B57B}.Release|Mixed Platforms.Build.0 = Release|Any CPU
		{63E6C5BE-301E-46F2-A7E8-848EA628B57B}.Release|x86.ActiveCfg = Release|Any CPU
		{1F12FC2C-974B-45D6-A667-9B5BC85F8EA6}.Debug|Any CPU.ActiveCfg = Debug|Any CPU
		{1F12FC2C-974B-45D6-A667-9B5BC85F8EA6}.Debug|Any CPU.Build.0 = Debug|Any CPU
		{1F12FC2C-974B-45D6-A667-9B5BC85F8EA6}.Debug|Mixed Platforms.ActiveCfg = Debug|Any CPU
		{1F12FC2C-974B-45D6-A667-9B5BC85F8EA6}.Debug|Mixed Platforms.Build.0 = Debug|Any CPU
		{1F12FC2C-974B-45D6-A667-9B5BC85F8EA6}.Debug|x86.ActiveCfg = Debug|Any CPU
		{1F12FC2C-974B-45D6-A667-9B5BC85F8EA6}.Release|Any CPU.ActiveCfg = Release|Any CPU
		{1F12FC2C-974B-45D6-A667-9B5BC85F8EA6}.Release|Any CPU.Build.0 = Release|Any CPU
		{1F12FC2C-974B-45D6-A667-9B5BC85F8EA6}.Release|Mixed Platforms.ActiveCfg = Release|Any CPU
		{1F12FC2C-974B-45D6-A667-9B5BC85F8EA6}.Release|Mixed Platforms.Build.0 = Release|Any CPU
		{1F12FC2C-974B-45D6-A667-9B5BC85F8EA6}.Release|x86.ActiveCfg = Release|Any CPU
	EndGlobalSection
	GlobalSection(SolutionProperties) = preSolution
		HideSolutionNode = FALSE
	EndGlobalSection
EndGlobal
